
Microsoft Visual Studio Solution File, Format Version 12.00
# Visual Studio Version 17
VisualStudioVersion = 17.7.34024.191
MinimumVisualStudioVersion = 10.0.40219.1
Project("{E24C65DC-7377-472B-9ABA-BC803B73C61A}") = "ePharma", "ePharma\", "{54E03AE8-00D4-471F-8D48-25CC92B9B63A}"
	ProjectSection(WebsiteProperties) = preProject
		TargetFrameworkMoniker = ".NETFramework,Version%3Dv4.8"
		Debug.AspNetCompiler.VirtualPath = "/localhost_62081"
		Debug.AspNetCompiler.PhysicalPath = "E:\ePharma\ePharma\"
		Debug.AspNetCompiler.TargetPath = "PrecompiledWeb\localhost_62081\"
		Debug.AspNetCompiler.Updateable = "true"
		Debug.AspNetCompiler.ForceOverwrite = "true"
		Debug.AspNetCompiler.FixedNames = "false"
		Debug.AspNetCompiler.Debug = "True"
		Release.AspNetCompiler.VirtualPath = "/localhost_62081"
		Release.AspNetCompiler.PhysicalPath = "E:\ePharma\ePharma\"
		Release.AspNetCompiler.TargetPath = "PrecompiledWeb\localhost_62081\"
		Release.AspNetCompiler.Updateable = "true"
		Release.AspNetCompiler.ForceOverwrite = "true"
		Release.AspNetCompiler.FixedNames = "false"
		Release.AspNetCompiler.Debug = "False"
		VWDPort = "62081"
	EndProjectSection
EndProject
Global
	GlobalSection(SolutionConfigurationPlatforms) = preSolution
		Debug|Any CPU = Debug|Any CPU
	EndGlobalSection
	GlobalSection(ProjectConfigurationPlatforms) = postSolution
		{54E03AE8-00D4-471F-8D48-25CC92B9B63A}.Debug|Any CPU.ActiveCfg = Debug|Any CPU
		{54E03AE8-00D4-471F-8D48-25CC92B9B63A}.Debug|Any CPU.Build.0 = Debug|Any CPU
	EndGlobalSection
	GlobalSection(SolutionProperties) = preSolution
		HideSolutionNode = FALSE
	EndGlobalSection
	GlobalSection(ExtensibilityGlobals) = postSolution
		SolutionGuid = {D6BA78FD-FA25-44CD-AF66-9B11654F0FDD}
	EndGlobalSection
EndGlobal
